
Microsoft Visual Studio Solution File, Format Version 12.00
Project("{FAE04EC0-301F-11D3-BF4B-00C04F79EFBC}") = "ViewPointFinderLib", "ViewPointFinderLib\ViewPointFinderLib.csproj", "{131B71F3-E3F3-49C1-A5CE-49E39990860D}"
EndProject
Project("{FAE04EC0-301F-11D3-BF4B-00C04F79EFBC}") = "ViewPointFinderProgram", "ViewPointFinderProgram\ViewPointFinderProgram.csproj", "{D867E301-20AC-438F-9481-03A1AE88915F}"
EndProject
Project("{FAE04EC0-301F-11D3-BF4B-00C04F79EFBC}") = "MeshViewer", "MeshViewer\MeshViewer.csproj", "{16004BEA-0EFC-4629-B140-41D60C8126C1}"
EndProject
Global
	GlobalSection(SolutionConfigurationPlatforms) = preSolution
		Debug|Any CPU = Debug|Any CPU
		Release|Any CPU = Release|Any CPU
	EndGlobalSection
	GlobalSection(ProjectConfigurationPlatforms) = postSolution
		{131B71F3-E3F3-49C1-A5CE-49E39990860D}.Debug|Any CPU.ActiveCfg = Debug|Any CPU
		{131B71F3-E3F3-49C1-A5CE-49E39990860D}.Debug|Any CPU.Build.0 = Debug|Any CPU
		{131B71F3-E3F3-49C1-A5CE-49E39990860D}.Release|Any CPU.ActiveCfg = Release|Any CPU
		{131B71F3-E3F3-49C1-A5CE-49E39990860D}.Release|Any CPU.Build.0 = Release|Any CPU
		{D867E301-20AC-438F-9481-03A1AE88915F}.Debug|Any CPU.ActiveCfg = Debug|Any CPU
		{D867E301-20AC-438F-9481-03A1AE88915F}.Debug|Any CPU.Build.0 = Debug|Any CPU
		{D867E301-20AC-438F-9481-03A1AE88915F}.Release|Any CPU.ActiveCfg = Release|Any CPU
		{D867E301-20AC-438F-9481-03A1AE88915F}.Release|Any CPU.Build.0 = Release|Any CPU
		{16004BEA-0EFC-4629-B140-41D60C8126C1}.Debug|Any CPU.ActiveCfg = Debug|Any CPU
		{16004BEA-0EFC-4629-B140-41D60C8126C1}.Debug|Any CPU.Build.0 = Debug|Any CPU
		{16004BEA-0EFC-4629-B140-41D60C8126C1}.Release|Any CPU.ActiveCfg = Release|Any CPU
		{16004BEA-0EFC-4629-B140-41D60C8126C1}.Release|Any CPU.Build.0 = Release|Any CPU
	EndGlobalSection
EndGlobal
